// !$*UTF8*$!
{
	archiveVersion = 1;
	classes = {
	};
	objectVersion = 55;
	objects = {

/* Begin PBXBuildFile section */
		4C279A1527ECD8850034E607 /* AppDelegate.swift in Sources */ = {isa = PBXBuildFile; fileRef = 4C279A1427ECD8850034E607 /* AppDelegate.swift */; };
		4C279A1727ECD8850034E607 /* SceneDelegate.swift in Sources */ = {isa = PBXBuildFile; fileRef = 4C279A1627ECD8850034E607 /* SceneDelegate.swift */; };
		4C279A1927ECD8850034E607 /* HomeViewController.swift in Sources */ = {isa = PBXBuildFile; fileRef = 4C279A1827ECD8850034E607 /* HomeViewController.swift */; };
		4C279A1C27ECD8850034E607 /* Main.storyboard in Resources */ = {isa = PBXBuildFile; fileRef = 4C279A1A27ECD8850034E607 /* Main.storyboard */; };
		4C279A1E27ECD8860034E607 /* Assets.xcassets in Resources */ = {isa = PBXBuildFile; fileRef = 4C279A1D27ECD8860034E607 /* Assets.xcassets */; };
		4C279A2127ECD8870034E607 /* LaunchScreen.storyboard in Resources */ = {isa = PBXBuildFile; fileRef = 4C279A1F27ECD8870034E607 /* LaunchScreen.storyboard */; };
		4C279A2C27ECD8870034E607 /* test_bcpTests.swift in Sources */ = {isa = PBXBuildFile; fileRef = 4C279A2B27ECD8870034E607 /* test_bcpTests.swift */; };
		4C279A3627ECD8870034E607 /* test_bcpUITests.swift in Sources */ = {isa = PBXBuildFile; fileRef = 4C279A3527ECD8870034E607 /* test_bcpUITests.swift */; };
		4C279A3827ECD8870034E607 /* test_bcpUITestsLaunchTests.swift in Sources */ = {isa = PBXBuildFile; fileRef = 4C279A3727ECD8870034E607 /* test_bcpUITestsLaunchTests.swift */; };
		4C6A763C27ECE53300567C88 /* EndPoint.swift in Sources */ = {isa = PBXBuildFile; fileRef = 4C6A763B27ECE53300567C88 /* EndPoint.swift */; };
		4C6A763F27ECE56B00567C88 /* CurrencyService.swift in Sources */ = {isa = PBXBuildFile; fileRef = 4C6A763E27ECE56B00567C88 /* CurrencyService.swift */; };
		4C6A764127ECE57600567C88 /* CurrencyResponse.swift in Sources */ = {isa = PBXBuildFile; fileRef = 4C6A764027ECE57600567C88 /* CurrencyResponse.swift */; };
		4C6A764327ECE5AD00567C88 /* CurrencyEndPoint.swift in Sources */ = {isa = PBXBuildFile; fileRef = 4C6A764227ECE5AD00567C88 /* CurrencyEndPoint.swift */; };
		4C6A764627ED01D800567C88 /* ListCurrenciesViewController.swift in Sources */ = {isa = PBXBuildFile; fileRef = 4C6A764527ED01D800567C88 /* ListCurrenciesViewController.swift */; };
		4C6A764A27ED02BF00567C88 /* CurrencyTableViewCell.swift in Sources */ = {isa = PBXBuildFile; fileRef = 4C6A764827ED02BF00567C88 /* CurrencyTableViewCell.swift */; };
		4C6A764B27ED02BF00567C88 /* CurrencyTableViewCell.xib in Resources */ = {isa = PBXBuildFile; fileRef = 4C6A764927ED02BF00567C88 /* CurrencyTableViewCell.xib */; };
		4C6A764E27ED0B1700567C88 /* Extensions.swift in Sources */ = {isa = PBXBuildFile; fileRef = 4C6A764D27ED0B1700567C88 /* Extensions.swift */; };
		4CC5E82B27ECDAC300158ED4 /* HomeViewModel.swift in Sources */ = {isa = PBXBuildFile; fileRef = 4CC5E82A27ECDAC300158ED4 /* HomeViewModel.swift */; };
		4CC5E82D27ECDAD000158ED4 /* HomeModel.swift in Sources */ = {isa = PBXBuildFile; fileRef = 4CC5E82C27ECDAD000158ED4 /* HomeModel.swift */; };
		753A4506F9CFAFFFFADDC42B /* Pods_test_bcp.framework in Frameworks */ = {isa = PBXBuildFile; fileRef = 4883152B0911F6780DC0DA96 /* Pods_test_bcp.framework */; };
		87627C7079D96926FE8CDE5A /* Pods_test_bcpTests.framework in Frameworks */ = {isa = PBXBuildFile; fileRef = 31B7F8DD5683C44DFC3F9D4C /* Pods_test_bcpTests.framework */; };
		A42CC9F70D8BBB6FD08DD3C9 /* Pods_test_bcp_test_bcpUITests.framework in Frameworks */ = {isa = PBXBuildFile; fileRef = 1147C71BA38F6C5BAFBF1BF6 /* Pods_test_bcp_test_bcpUITests.framework */; };
/* End PBXBuildFile section */

/* Begin PBXContainerItemProxy section */
		4C279A2827ECD8870034E607 /* PBXContainerItemProxy */ = {
			isa = PBXContainerItemProxy;
			containerPortal = 4C279A0927ECD8850034E607 /* Project object */;
			proxyType = 1;
			remoteGlobalIDString = 4C279A1027ECD8850034E607;
			remoteInfo = "test-bcp";
		};
		4C279A3227ECD8870034E607 /* PBXContainerItemProxy */ = {
			isa = PBXContainerItemProxy;
			containerPortal = 4C279A0927ECD8850034E607 /* Project object */;
			proxyType = 1;
			remoteGlobalIDString = 4C279A1027ECD8850034E607;
			remoteInfo = "test-bcp";
		};
/* End PBXContainerItemProxy section */

/* Begin PBXFileReference section */
		009B035D6633077B7979150B /* Pods-test-bcp-test-bcpUITests.release.xcconfig */ = {isa = PBXFileReference; includeInIndex = 1; lastKnownFileType = text.xcconfig; name = "Pods-test-bcp-test-bcpUITests.release.xcconfig"; path = "Target Support Files/Pods-test-bcp-test-bcpUITests/Pods-test-bcp-test-bcpUITests.release.xcconfig"; sourceTree = "<group>"; };
		105E59E3355863983496E5C1 /* Pods-test-bcpTests.debug.xcconfig */ = {isa = PBXFileReference; includeInIndex = 1; lastKnownFileType = text.xcconfig; name = "Pods-test-bcpTests.debug.xcconfig"; path = "Target Support Files/Pods-test-bcpTests/Pods-test-bcpTests.debug.xcconfig"; sourceTree = "<group>"; };
		1147C71BA38F6C5BAFBF1BF6 /* Pods_test_bcp_test_bcpUITests.framework */ = {isa = PBXFileReference; explicitFileType = wrapper.framework; includeInIndex = 0; path = Pods_test_bcp_test_bcpUITests.framework; sourceTree = BUILT_PRODUCTS_DIR; };
		31B7F8DD5683C44DFC3F9D4C /* Pods_test_bcpTests.framework */ = {isa = PBXFileReference; explicitFileType = wrapper.framework; includeInIndex = 0; path = Pods_test_bcpTests.framework; sourceTree = BUILT_PRODUCTS_DIR; };
		4883152B0911F6780DC0DA96 /* Pods_test_bcp.framework */ = {isa = PBXFileReference; explicitFileType = wrapper.framework; includeInIndex = 0; path = Pods_test_bcp.framework; sourceTree = BUILT_PRODUCTS_DIR; };
		4C279A1127ECD8850034E607 /* test-bcp.app */ = {isa = PBXFileReference; explicitFileType = wrapper.application; includeInIndex = 0; path = "test-bcp.app"; sourceTree = BUILT_PRODUCTS_DIR; };
		4C279A1427ECD8850034E607 /* AppDelegate.swift */ = {isa = PBXFileReference; lastKnownFileType = sourcecode.swift; path = AppDelegate.swift; sourceTree = "<group>"; };
		4C279A1627ECD8850034E607 /* SceneDelegate.swift */ = {isa = PBXFileReference; lastKnownFileType = sourcecode.swift; path = SceneDelegate.swift; sourceTree = "<group>"; };
		4C279A1827ECD8850034E607 /* HomeViewController.swift */ = {isa = PBXFileReference; lastKnownFileType = sourcecode.swift; path = HomeViewController.swift; sourceTree = "<group>"; };
		4C279A1B27ECD8850034E607 /* Base */ = {isa = PBXFileReference; lastKnownFileType = file.storyboard; name = Base; path = Base.lproj/Main.storyboard; sourceTree = "<group>"; };
		4C279A1D27ECD8860034E607 /* Assets.xcassets */ = {isa = PBXFileReference; lastKnownFileType = folder.assetcatalog; path = Assets.xcassets; sourceTree = "<group>"; };
		4C279A2027ECD8870034E607 /* Base */ = {isa = PBXFileReference; lastKnownFileType = file.storyboard; name = Base; path = Base.lproj/LaunchScreen.storyboard; sourceTree = "<group>"; };
		4C279A2227ECD8870034E607 /* Info.plist */ = {isa = PBXFileReference; lastKnownFileType = text.plist.xml; path = Info.plist; sourceTree = "<group>"; };
		4C279A2727ECD8870034E607 /* test-bcpTests.xctest */ = {isa = PBXFileReference; explicitFileType = wrapper.cfbundle; includeInIndex = 0; path = "test-bcpTests.xctest"; sourceTree = BUILT_PRODUCTS_DIR; };
		4C279A2B27ECD8870034E607 /* test_bcpTests.swift */ = {isa = PBXFileReference; lastKnownFileType = sourcecode.swift; path = test_bcpTests.swift; sourceTree = "<group>"; };
		4C279A3127ECD8870034E607 /* test-bcpUITests.xctest */ = {isa = PBXFileReference; explicitFileType = wrapper.cfbundle; includeInIndex = 0; path = "test-bcpUITests.xctest"; sourceTree = BUILT_PRODUCTS_DIR; };
		4C279A3527ECD8870034E607 /* test_bcpUITests.swift */ = {isa = PBXFileReference; lastKnownFileType = sourcecode.swift; path = test_bcpUITests.swift; sourceTree = "<group>"; };
		4C279A3727ECD8870034E607 /* test_bcpUITestsLaunchTests.swift */ = {isa = PBXFileReference; lastKnownFileType = sourcecode.swift; path = test_bcpUITestsLaunchTests.swift; sourceTree = "<group>"; };
		4C6A763B27ECE53300567C88 /* EndPoint.swift */ = {isa = PBXFileReference; lastKnownFileType = sourcecode.swift; path = EndPoint.swift; sourceTree = "<group>"; };
		4C6A763E27ECE56B00567C88 /* CurrencyService.swift */ = {isa = PBXFileReference; lastKnownFileType = sourcecode.swift; path = CurrencyService.swift; sourceTree = "<group>"; };
		4C6A764027ECE57600567C88 /* CurrencyResponse.swift */ = {isa = PBXFileReference; lastKnownFileType = sourcecode.swift; path = CurrencyResponse.swift; sourceTree = "<group>"; };
		4C6A764227ECE5AD00567C88 /* CurrencyEndPoint.swift */ = {isa = PBXFileReference; lastKnownFileType = sourcecode.swift; path = CurrencyEndPoint.swift; sourceTree = "<group>"; };
		4C6A764527ED01D800567C88 /* ListCurrenciesViewController.swift */ = {isa = PBXFileReference; lastKnownFileType = sourcecode.swift; path = ListCurrenciesViewController.swift; sourceTree = "<group>"; };
		4C6A764827ED02BF00567C88 /* CurrencyTableViewCell.swift */ = {isa = PBXFileReference; lastKnownFileType = sourcecode.swift; path = CurrencyTableViewCell.swift; sourceTree = "<group>"; };
		4C6A764927ED02BF00567C88 /* CurrencyTableViewCell.xib */ = {isa = PBXFileReference; lastKnownFileType = file.xib; path = CurrencyTableViewCell.xib; sourceTree = "<group>"; };
		4C6A764D27ED0B1700567C88 /* Extensions.swift */ = {isa = PBXFileReference; lastKnownFileType = sourcecode.swift; path = Extensions.swift; sourceTree = "<group>"; };
		4CC5E82A27ECDAC300158ED4 /* HomeViewModel.swift */ = {isa = PBXFileReference; lastKnownFileType = sourcecode.swift; path = HomeViewModel.swift; sourceTree = "<group>"; };
		4CC5E82C27ECDAD000158ED4 /* HomeModel.swift */ = {isa = PBXFileReference; lastKnownFileType = sourcecode.swift; path = HomeModel.swift; sourceTree = "<group>"; };
		8C0B3977EC88EAAF8F91EA54 /* Pods-test-bcpTests.release.xcconfig */ = {isa = PBXFileReference; includeInIndex = 1; lastKnownFileType = text.xcconfig; name = "Pods-test-bcpTests.release.xcconfig"; path = "Target Support Files/Pods-test-bcpTests/Pods-test-bcpTests.release.xcconfig"; sourceTree = "<group>"; };
		AD47080DD4FE20289ACEEDD1 /* Pods-test-bcp-test-bcpUITests.debug.xcconfig */ = {isa = PBXFileReference; includeInIndex = 1; lastKnownFileType = text.xcconfig; name = "Pods-test-bcp-test-bcpUITests.debug.xcconfig"; path = "Target Support Files/Pods-test-bcp-test-bcpUITests/Pods-test-bcp-test-bcpUITests.debug.xcconfig"; sourceTree = "<group>"; };
		F1C89940D2CDF69FBAD61ADD /* Pods-test-bcp.release.xcconfig */ = {isa = PBXFileReference; includeInIndex = 1; lastKnownFileType = text.xcconfig; name = "Pods-test-bcp.release.xcconfig"; path = "Target Support Files/Pods-test-bcp/Pods-test-bcp.release.xcconfig"; sourceTree = "<group>"; };
		FA1439CDF68BC6D03020C69F /* Pods-test-bcp.debug.xcconfig */ = {isa = PBXFileReference; includeInIndex = 1; lastKnownFileType = text.xcconfig; name = "Pods-test-bcp.debug.xcconfig"; path = "Target Support Files/Pods-test-bcp/Pods-test-bcp.debug.xcconfig"; sourceTree = "<group>"; };
/* End PBXFileReference section */

/* Begin PBXFrameworksBuildPhase section */
		4C279A0E27ECD8850034E607 /* Frameworks */ = {
			isa = PBXFrameworksBuildPhase;
			buildActionMask = 2147483647;
			files = (
				753A4506F9CFAFFFFADDC42B /* Pods_test_bcp.framework in Frameworks */,
			);
			runOnlyForDeploymentPostprocessing = 0;
		};
		4C279A2427ECD8870034E607 /* Frameworks */ = {
			isa = PBXFrameworksBuildPhase;
			buildActionMask = 2147483647;
			files = (
				87627C7079D96926FE8CDE5A /* Pods_test_bcpTests.framework in Frameworks */,
			);
			runOnlyForDeploymentPostprocessing = 0;
		};
		4C279A2E27ECD8870034E607 /* Frameworks */ = {
			isa = PBXFrameworksBuildPhase;
			buildActionMask = 2147483647;
			files = (
				A42CC9F70D8BBB6FD08DD3C9 /* Pods_test_bcp_test_bcpUITests.framework in Frameworks */,
			);
			runOnlyForDeploymentPostprocessing = 0;
		};
/* End PBXFrameworksBuildPhase section */

/* Begin PBXGroup section */
		4C279A0827ECD8850034E607 = {
			isa = PBXGroup;
			children = (
				4C279A1327ECD8850034E607 /* test-bcp */,
				4C279A2A27ECD8870034E607 /* test-bcpTests */,
				4C279A3427ECD8870034E607 /* test-bcpUITests */,
				4C279A1227ECD8850034E607 /* Products */,
				F47EC158244DC4FE9C70D5C0 /* Pods */,
				598D0B187C5B00903BFADCF0 /* Frameworks */,
			);
			sourceTree = "<group>";
		};
		4C279A1227ECD8850034E607 /* Products */ = {
			isa = PBXGroup;
			children = (
				4C279A1127ECD8850034E607 /* test-bcp.app */,
				4C279A2727ECD8870034E607 /* test-bcpTests.xctest */,
				4C279A3127ECD8870034E607 /* test-bcpUITests.xctest */,
			);
			name = Products;
			sourceTree = "<group>";
		};
		4C279A1327ECD8850034E607 /* test-bcp */ = {
			isa = PBXGroup;
			children = (
				4C6A764C27ED0B0600567C88 /* Utils */,
				4C6A764427ED01BB00567C88 /* ListCurrencies */,
				4C6A763927ECE51000567C88 /* Networking */,
				4CC5E82927ECDA8A00158ED4 /* Home */,
				4C279A1427ECD8850034E607 /* AppDelegate.swift */,
				4C279A1627ECD8850034E607 /* SceneDelegate.swift */,
				4C279A1A27ECD8850034E607 /* Main.storyboard */,
				4C279A1D27ECD8860034E607 /* Assets.xcassets */,
				4C279A1F27ECD8870034E607 /* LaunchScreen.storyboard */,
				4C279A2227ECD8870034E607 /* Info.plist */,
			);
			path = "test-bcp";
			sourceTree = "<group>";
		};
		4C279A2A27ECD8870034E607 /* test-bcpTests */ = {
			isa = PBXGroup;
			children = (
				4C279A2B27ECD8870034E607 /* test_bcpTests.swift */,
			);
			path = "test-bcpTests";
			sourceTree = "<group>";
		};
		4C279A3427ECD8870034E607 /* test-bcpUITests */ = {
			isa = PBXGroup;
			children = (
				4C279A3527ECD8870034E607 /* test_bcpUITests.swift */,
				4C279A3727ECD8870034E607 /* test_bcpUITestsLaunchTests.swift */,
			);
			path = "test-bcpUITests";
			sourceTree = "<group>";
		};
		4C6A763927ECE51000567C88 /* Networking */ = {
			isa = PBXGroup;
			children = (
				4C6A763D27ECE55300567C88 /* Currency */,
				4C6A763A27ECE52700567C88 /* EndPoint */,
			);
			path = Networking;
			sourceTree = "<group>";
		};
		4C6A763A27ECE52700567C88 /* EndPoint */ = {
			isa = PBXGroup;
			children = (
				4C6A763B27ECE53300567C88 /* EndPoint.swift */,
			);
			path = EndPoint;
			sourceTree = "<group>";
		};
		4C6A763D27ECE55300567C88 /* Currency */ = {
			isa = PBXGroup;
			children = (
				4C6A763E27ECE56B00567C88 /* CurrencyService.swift */,
				4C6A764027ECE57600567C88 /* CurrencyResponse.swift */,
				4C6A764227ECE5AD00567C88 /* CurrencyEndPoint.swift */,
			);
			path = Currency;
			sourceTree = "<group>";
		};
		4C6A764427ED01BB00567C88 /* ListCurrencies */ = {
			isa = PBXGroup;
			children = (
				4C6A764727ED029F00567C88 /* Cell */,
				4C6A764527ED01D800567C88 /* ListCurrenciesViewController.swift */,
			);
			path = ListCurrencies;
			sourceTree = "<group>";
		};
		4C6A764727ED029F00567C88 /* Cell */ = {
			isa = PBXGroup;
			children = (
				4C6A764827ED02BF00567C88 /* CurrencyTableViewCell.swift */,
				4C6A764927ED02BF00567C88 /* CurrencyTableViewCell.xib */,
			);
			path = Cell;
			sourceTree = "<group>";
		};
		4C6A764C27ED0B0600567C88 /* Utils */ = {
			isa = PBXGroup;
			children = (
				4C6A764D27ED0B1700567C88 /* Extensions.swift */,
			);
			path = Utils;
			sourceTree = "<group>";
		};
		4CC5E82927ECDA8A00158ED4 /* Home */ = {
			isa = PBXGroup;
			children = (
				4C279A1827ECD8850034E607 /* HomeViewController.swift */,
				4CC5E82A27ECDAC300158ED4 /* HomeViewModel.swift */,
				4CC5E82C27ECDAD000158ED4 /* HomeModel.swift */,
			);
			path = Home;
			sourceTree = "<group>";
		};
		598D0B187C5B00903BFADCF0 /* Frameworks */ = {
			isa = PBXGroup;
			children = (
				4883152B0911F6780DC0DA96 /* Pods_test_bcp.framework */,
				1147C71BA38F6C5BAFBF1BF6 /* Pods_test_bcp_test_bcpUITests.framework */,
				31B7F8DD5683C44DFC3F9D4C /* Pods_test_bcpTests.framework */,
			);
			name = Frameworks;
			sourceTree = "<group>";
		};
		F47EC158244DC4FE9C70D5C0 /* Pods */ = {
			isa = PBXGroup;
			children = (
				FA1439CDF68BC6D03020C69F /* Pods-test-bcp.debug.xcconfig */,
				F1C89940D2CDF69FBAD61ADD /* Pods-test-bcp.release.xcconfig */,
				AD47080DD4FE20289ACEEDD1 /* Pods-test-bcp-test-bcpUITests.debug.xcconfig */,
				009B035D6633077B7979150B /* Pods-test-bcp-test-bcpUITests.release.xcconfig */,
				105E59E3355863983496E5C1 /* Pods-test-bcpTests.debug.xcconfig */,
				8C0B3977EC88EAAF8F91EA54 /* Pods-test-bcpTests.release.xcconfig */,
			);
			path = Pods;
			sourceTree = "<group>";
		};
/* End PBXGroup section */

/* Begin PBXNativeTarget section */
		4C279A1027ECD8850034E607 /* test-bcp */ = {
			isa = PBXNativeTarget;
			buildConfigurationList = 4C279A3B27ECD8870034E607 /* Build configuration list for PBXNativeTarget "test-bcp" */;
			buildPhases = (
				F1A0795F901347E7EDCB435C /* [CP] Check Pods Manifest.lock */,
				4C279A0D27ECD8850034E607 /* Sources */,
				4C279A0E27ECD8850034E607 /* Frameworks */,
				4C279A0F27ECD8850034E607 /* Resources */,
				C11954647A2F194141B7A669 /* [CP] Embed Pods Frameworks */,
			);
			buildRules = (
			);
			dependencies = (
			);
			name = "test-bcp";
			productName = "test-bcp";
			productReference = 4C279A1127ECD8850034E607 /* test-bcp.app */;
			productType = "com.apple.product-type.application";
		};
		4C279A2627ECD8870034E607 /* test-bcpTests */ = {
			isa = PBXNativeTarget;
			buildConfigurationList = 4C279A3E27ECD8870034E607 /* Build configuration list for PBXNativeTarget "test-bcpTests" */;
			buildPhases = (
				0C22DA0E66F730173DCE5A8A /* [CP] Check Pods Manifest.lock */,
				4C279A2327ECD8870034E607 /* Sources */,
				4C279A2427ECD8870034E607 /* Frameworks */,
				4C279A2527ECD8870034E607 /* Resources */,
			);
			buildRules = (
			);
			dependencies = (
				4C279A2927ECD8870034E607 /* PBXTargetDependency */,
			);
			name = "test-bcpTests";
			productName = "test-bcpTests";
			productReference = 4C279A2727ECD8870034E607 /* test-bcpTests.xctest */;
			productType = "com.apple.product-type.bundle.unit-test";
		};
		4C279A3027ECD8870034E607 /* test-bcpUITests */ = {
			isa = PBXNativeTarget;
			buildConfigurationList = 4C279A4127ECD8870034E607 /* Build configuration list for PBXNativeTarget "test-bcpUITests" */;
			buildPhases = (
				6C385A6B4EB4A8EE05362706 /* [CP] Check Pods Manifest.lock */,
				4C279A2D27ECD8870034E607 /* Sources */,
				4C279A2E27ECD8870034E607 /* Frameworks */,
				4C279A2F27ECD8870034E607 /* Resources */,
				8A578D1C39149BE48E3ED54B /* [CP] Embed Pods Frameworks */,
			);
			buildRules = (
			);
			dependencies = (
				4C279A3327ECD8870034E607 /* PBXTargetDependency */,
			);
			name = "test-bcpUITests";
			productName = "test-bcpUITests";
			productReference = 4C279A3127ECD8870034E607 /* test-bcpUITests.xctest */;
			productType = "com.apple.product-type.bundle.ui-testing";
		};
/* End PBXNativeTarget section */

/* Begin PBXProject section */
		4C279A0927ECD8850034E607 /* Project object */ = {
			isa = PBXProject;
			attributes = {
				BuildIndependentTargetsInParallel = 1;
				LastSwiftUpdateCheck = 1330;
				LastUpgradeCheck = 1330;
				TargetAttributes = {
					4C279A1027ECD8850034E607 = {
						CreatedOnToolsVersion = 13.3;
					};
					4C279A2627ECD8870034E607 = {
						CreatedOnToolsVersion = 13.3;
						TestTargetID = 4C279A1027ECD8850034E607;
					};
					4C279A3027ECD8870034E607 = {
						CreatedOnToolsVersion = 13.3;
						TestTargetID = 4C279A1027ECD8850034E607;
					};
				};
			};
			buildConfigurationList = 4C279A0C27ECD8850034E607 /* Build configuration list for PBXProject "test-bcp" */;
			compatibilityVersion = "Xcode 13.0";
			developmentRegion = en;
			hasScannedForEncodings = 0;
			knownRegions = (
				en,
				Base,
			);
			mainGroup = 4C279A0827ECD8850034E607;
			productRefGroup = 4C279A1227ECD8850034E607 /* Products */;
			projectDirPath = "";
			projectRoot = "";
			targets = (
				4C279A1027ECD8850034E607 /* test-bcp */,
				4C279A2627ECD8870034E607 /* test-bcpTests */,
				4C279A3027ECD8870034E607 /* test-bcpUITests */,
			);
		};
/* End PBXProject section */

/* Begin PBXResourcesBuildPhase section */
		4C279A0F27ECD8850034E607 /* Resources */ = {
			isa = PBXResourcesBuildPhase;
			buildActionMask = 2147483647;
			files = (
				4C6A764B27ED02BF00567C88 /* CurrencyTableViewCell.xib in Resources */,
				4C279A2127ECD8870034E607 /* LaunchScreen.storyboard in Resources */,
				4C279A1E27ECD8860034E607 /* Assets.xcassets in Resources */,
				4C279A1C27ECD8850034E607 /* Main.storyboard in Resources */,
			);
			runOnlyForDeploymentPostprocessing = 0;
		};
		4C279A2527ECD8870034E607 /* Resources */ = {
			isa = PBXResourcesBuildPhase;
			buildActionMask = 2147483647;
			files = (
			);
			runOnlyForDeploymentPostprocessing = 0;
		};
		4C279A2F27ECD8870034E607 /* Resources */ = {
			isa = PBXResourcesBuildPhase;
			buildActionMask = 2147483647;
			files = (
			);
			runOnlyForDeploymentPostprocessing = 0;
		};
/* End PBXResourcesBuildPhase section */

/* Begin PBXShellScriptBuildPhase section */
		0C22DA0E66F730173DCE5A8A /* [CP] Check Pods Manifest.lock */ = {
			isa = PBXShellScriptBuildPhase;
			buildActionMask = 2147483647;
			files = (
			);
			inputFileListPaths = (
			);
			inputPaths = (
				"${PODS_PODFILE_DIR_PATH}/Podfile.lock",
				"${PODS_ROOT}/Manifest.lock",
			);
			name = "[CP] Check Pods Manifest.lock";
			outputFileListPaths = (
			);
			outputPaths = (
				"$(DERIVED_FILE_DIR)/Pods-test-bcpTests-checkManifestLockResult.txt",
			);
			runOnlyForDeploymentPostprocessing = 0;
			shellPath = /bin/sh;
			shellScript = "diff \"${PODS_PODFILE_DIR_PATH}/Podfile.lock\" \"${PODS_ROOT}/Manifest.lock\" > /dev/null\nif [ $? != 0 ] ; then\n    # print error to STDERR\n    echo \"error: The sandbox is not in sync with the Podfile.lock. Run 'pod install' or update your CocoaPods installation.\" >&2\n    exit 1\nfi\n# This output is used by Xcode 'outputs' to avoid re-running this script phase.\necho \"SUCCESS\" > \"${SCRIPT_OUTPUT_FILE_0}\"\n";
			showEnvVarsInLog = 0;
		};
		6C385A6B4EB4A8EE05362706 /* [CP] Check Pods Manifest.lock */ = {
			isa = PBXShellScriptBuildPhase;
			buildActionMask = 2147483647;
			files = (
			);
			inputFileListPaths = (
			);
			inputPaths = (
				"${PODS_PODFILE_DIR_PATH}/Podfile.lock",
				"${PODS_ROOT}/Manifest.lock",
			);
			name = "[CP] Check Pods Manifest.lock";
			outputFileListPaths = (
			);
			outputPaths = (
				"$(DERIVED_FILE_DIR)/Pods-test-bcp-test-bcpUITests-checkManifestLockResult.txt",
			);
			runOnlyForDeploymentPostprocessing = 0;
			shellPath = /bin/sh;
			shellScript = "diff \"${PODS_PODFILE_DIR_PATH}/Podfile.lock\" \"${PODS_ROOT}/Manifest.lock\" > /dev/null\nif [ $? != 0 ] ; then\n    # print error to STDERR\n    echo \"error: The sandbox is not in sync with the Podfile.lock. Run 'pod install' or update your CocoaPods installation.\" >&2\n    exit 1\nfi\n# This output is used by Xcode 'outputs' to avoid re-running this script phase.\necho \"SUCCESS\" > \"${SCRIPT_OUTPUT_FILE_0}\"\n";
			showEnvVarsInLog = 0;
		};
		8A578D1C39149BE48E3ED54B /* [CP] Embed Pods Frameworks */ = {
			isa = PBXShellScriptBuildPhase;
			buildActionMask = 2147483647;
			files = (
			);
			inputFileListPaths = (
				"${PODS_ROOT}/Target Support Files/Pods-test-bcp-test-bcpUITests/Pods-test-bcp-test-bcpUITests-frameworks-${CONFIGURATION}-input-files.xcfilelist",
			);
			name = "[CP] Embed Pods Frameworks";
			outputFileListPaths = (
				"${PODS_ROOT}/Target Support Files/Pods-test-bcp-test-bcpUITests/Pods-test-bcp-test-bcpUITests-frameworks-${CONFIGURATION}-output-files.xcfilelist",
			);
			runOnlyForDeploymentPostprocessing = 0;
			shellPath = /bin/sh;
			shellScript = "\"${PODS_ROOT}/Target Support Files/Pods-test-bcp-test-bcpUITests/Pods-test-bcp-test-bcpUITests-frameworks.sh\"\n";
			showEnvVarsInLog = 0;
		};
		C11954647A2F194141B7A669 /* [CP] Embed Pods Frameworks */ = {
			isa = PBXShellScriptBuildPhase;
			buildActionMask = 2147483647;
			files = (
			);
			inputFileListPaths = (
				"${PODS_ROOT}/Target Support Files/Pods-test-bcp/Pods-test-bcp-frameworks-${CONFIGURATION}-input-files.xcfilelist",
			);
			name = "[CP] Embed Pods Frameworks";
			outputFileListPaths = (
				"${PODS_ROOT}/Target Support Files/Pods-test-bcp/Pods-test-bcp-frameworks-${CONFIGURATION}-output-files.xcfilelist",
			);
			runOnlyForDeploymentPostprocessing = 0;
			shellPath = /bin/sh;
			shellScript = "\"${PODS_ROOT}/Target Support Files/Pods-test-bcp/Pods-test-bcp-frameworks.sh\"\n";
			showEnvVarsInLog = 0;
		};
		F1A0795F901347E7EDCB435C /* [CP] Check Pods Manifest.lock */ = {
			isa = PBXShellScriptBuildPhase;
			buildActionMask = 2147483647;
			files = (
			);
			inputFileListPaths = (
			);
			inputPaths = (
				"${PODS_PODFILE_DIR_PATH}/Podfile.lock",
				"${PODS_ROOT}/Manifest.lock",
			);
			name = "[CP] Check Pods Manifest.lock";
			outputFileListPaths = (
			);
			outputPaths = (
				"$(DERIVED_FILE_DIR)/Pods-test-bcp-checkManifestLockResult.txt",
			);
			runOnlyForDeploymentPostprocessing = 0;
			shellPath = /bin/sh;
			shellScript = "diff \"${PODS_PODFILE_DIR_PATH}/Podfile.lock\" \"${PODS_ROOT}/Manifest.lock\" > /dev/null\nif [ $? != 0 ] ; then\n    # print error to STDERR\n    echo \"error: The sandbox is not in sync with the Podfile.lock. Run 'pod install' or update your CocoaPods installation.\" >&2\n    exit 1\nfi\n# This output is used by Xcode 'outputs' to avoid re-running this script phase.\necho \"SUCCESS\" > \"${SCRIPT_OUTPUT_FILE_0}\"\n";
			showEnvVarsInLog = 0;
		};
/* End PBXShellScriptBuildPhase section */

/* Begin PBXSourcesBuildPhase section */
		4C279A0D27ECD8850034E607 /* Sources */ = {
			isa = PBXSourcesBuildPhase;
			buildActionMask = 2147483647;
			files = (
				4CC5E82B27ECDAC300158ED4 /* HomeViewModel.swift in Sources */,
				4C279A1927ECD8850034E607 /* HomeViewController.swift in Sources */,
				4C279A1527ECD8850034E607 /* AppDelegate.swift in Sources */,
				4C6A763C27ECE53300567C88 /* EndPoint.swift in Sources */,
				4C6A763F27ECE56B00567C88 /* CurrencyService.swift in Sources */,
				4C6A764A27ED02BF00567C88 /* CurrencyTableViewCell.swift in Sources */,
				4C6A764627ED01D800567C88 /* ListCurrenciesViewController.swift in Sources */,
				4C6A764E27ED0B1700567C88 /* Extensions.swift in Sources */,
				4CC5E82D27ECDAD000158ED4 /* HomeModel.swift in Sources */,
				4C6A764327ECE5AD00567C88 /* CurrencyEndPoint.swift in Sources */,
				4C279A1727ECD8850034E607 /* SceneDelegate.swift in Sources */,
				4C6A764127ECE57600567C88 /* CurrencyResponse.swift in Sources */,
			);
			runOnlyForDeploymentPostprocessing = 0;
		};
		4C279A2327ECD8870034E607 /* Sources */ = {
			isa = PBXSourcesBuildPhase;
			buildActionMask = 2147483647;
			files = (
				4C279A2C27ECD8870034E607 /* test_bcpTests.swift in Sources */,
			);
			runOnlyForDeploymentPostprocessing = 0;
		};
		4C279A2D27ECD8870034E607 /* Sources */ = {
			isa = PBXSourcesBuildPhase;
			buildActionMask = 2147483647;
			files = (
				4C279A3827ECD8870034E607 /* test_bcpUITestsLaunchTests.swift in Sources */,
				4C279A3627ECD8870034E607 /* test_bcpUITests.swift in Sources */,
			);
			runOnlyForDeploymentPostprocessing = 0;
		};
/* End PBXSourcesBuildPhase section */

/* Begin PBXTargetDependency section */
		4C279A2927ECD8870034E607 /* PBXTargetDependency */ = {
			isa = PBXTargetDependency;
			target = 4C279A1027ECD8850034E607 /* test-bcp */;
			targetProxy = 4C279A2827ECD8870034E607 /* PBXContainerItemProxy */;
		};
		4C279A3327ECD8870034E607 /* PBXTargetDependency */ = {
			isa = PBXTargetDependency;
			target = 4C279A1027ECD8850034E607 /* test-bcp */;
			targetProxy = 4C279A3227ECD8870034E607 /* PBXContainerItemProxy */;
		};
/* End PBXTargetDependency section */

/* Begin PBXVariantGroup section */
		4C279A1A27ECD8850034E607 /* Main.storyboard */ = {
			isa = PBXVariantGroup;
			children = (
				4C279A1B27ECD8850034E607 /* Base */,
			);
			name = Main.storyboard;
			sourceTree = "<group>";
		};
		4C279A1F27ECD8870034E607 /* LaunchScreen.storyboard */ = {
			isa = PBXVariantGroup;
			children = (
				4C279A2027ECD8870034E607 /* Base */,
			);
			name = LaunchScreen.storyboard;
			sourceTree = "<group>";
		};
/* End PBXVariantGroup section */

/* Begin XCBuildConfiguration section */
		4C279A3927ECD8870034E607 /* Debug */ = {
			isa = XCBuildConfiguration;
			buildSettings = {
				ALWAYS_SEARCH_USER_PATHS = NO;
				CLANG_ANALYZER_NONNULL = YES;
				CLANG_ANALYZER_NUMBER_OBJECT_CONVERSION = YES_AGGRESSIVE;
				CLANG_CXX_LANGUAGE_STANDARD = "gnu++17";
				CLANG_ENABLE_MODULES = YES;
				CLANG_ENABLE_OBJC_ARC = YES;
				CLANG_ENABLE_OBJC_WEAK = YES;
				CLANG_WARN_BLOCK_CAPTURE_AUTORELEASING = YES;
				CLANG_WARN_BOOL_CONVERSION = YES;
				CLANG_WARN_COMMA = YES;
				CLANG_WARN_CONSTANT_CONVERSION = YES;
				CLANG_WARN_DEPRECATED_OBJC_IMPLEMENTATIONS = YES;
				CLANG_WARN_DIRECT_OBJC_ISA_USAGE = YES_ERROR;
				CLANG_WARN_DOCUMENTATION_COMMENTS = YES;
				CLANG_WARN_EMPTY_BODY = YES;
				CLANG_WARN_ENUM_CONVERSION = YES;
				CLANG_WARN_INFINITE_RECURSION = YES;
				CLANG_WARN_INT_CONVERSION = YES;
				CLANG_WARN_NON_LITERAL_NULL_CONVERSION = YES;
				CLANG_WARN_OBJC_IMPLICIT_RETAIN_SELF = YES;
				CLANG_WARN_OBJC_LITERAL_CONVERSION = YES;
				CLANG_WARN_OBJC_ROOT_CLASS = YES_ERROR;
				CLANG_WARN_QUOTED_INCLUDE_IN_FRAMEWORK_HEADER = YES;
				CLANG_WARN_RANGE_LOOP_ANALYSIS = YES;
				CLANG_WARN_STRICT_PROTOTYPES = YES;
				CLANG_WARN_SUSPICIOUS_MOVE = YES;
				CLANG_WARN_UNGUARDED_AVAILABILITY = YES_AGGRESSIVE;
				CLANG_WARN_UNREACHABLE_CODE = YES;
				CLANG_WARN__DUPLICATE_METHOD_MATCH = YES;
				COPY_PHASE_STRIP = NO;
				DEBUG_INFORMATION_FORMAT = dwarf;
				ENABLE_STRICT_OBJC_MSGSEND = YES;
				ENABLE_TESTABILITY = YES;
				GCC_C_LANGUAGE_STANDARD = gnu11;
				GCC_DYNAMIC_NO_PIC = NO;
				GCC_NO_COMMON_BLOCKS = YES;
				GCC_OPTIMIZATION_LEVEL = 0;
				GCC_PREPROCESSOR_DEFINITIONS = (
					"DEBUG=1",
					"$(inherited)",
				);
				GCC_WARN_64_TO_32_BIT_CONVERSION = YES;
				GCC_WARN_ABOUT_RETURN_TYPE = YES_ERROR;
				GCC_WARN_UNDECLARED_SELECTOR = YES;
				GCC_WARN_UNINITIALIZED_AUTOS = YES_AGGRESSIVE;
				GCC_WARN_UNUSED_FUNCTION = YES;
				GCC_WARN_UNUSED_VARIABLE = YES;
				IPHONEOS_DEPLOYMENT_TARGET = 15.4;
				MTL_ENABLE_DEBUG_INFO = INCLUDE_SOURCE;
				MTL_FAST_MATH = YES;
				ONLY_ACTIVE_ARCH = YES;
				SDKROOT = iphoneos;
				SWIFT_ACTIVE_COMPILATION_CONDITIONS = DEBUG;
				SWIFT_OPTIMIZATION_LEVEL = "-Onone";
			};
			name = Debug;
		};
		4C279A3A27ECD8870034E607 /* Release */ = {
			isa = XCBuildConfiguration;
			buildSettings = {
				ALWAYS_SEARCH_USER_PATHS = NO;
				CLANG_ANALYZER_NONNULL = YES;
				CLANG_ANALYZER_NUMBER_OBJECT_CONVERSION = YES_AGGRESSIVE;
				CLANG_CXX_LANGUAGE_STANDARD = "gnu++17";
				CLANG_ENABLE_MODULES = YES;
				CLANG_ENABLE_OBJC_ARC = YES;
				CLANG_ENABLE_OBJC_WEAK = YES;
				CLANG_WARN_BLOCK_CAPTURE_AUTORELEASING = YES;
				CLANG_WARN_BOOL_CONVERSION = YES;
				CLANG_WARN_COMMA = YES;
				CLANG_WARN_CONSTANT_CONVERSION = YES;
				CLANG_WARN_DEPRECATED_OBJC_IMPLEMENTATIONS = YES;
				CLANG_WARN_DIRECT_OBJC_ISA_USAGE = YES_ERROR;
				CLANG_WARN_DOCUMENTATION_COMMENTS = YES;
				CLANG_WARN_EMPTY_BODY = YES;
				CLANG_WARN_ENUM_CONVERSION = YES;
				CLANG_WARN_INFINITE_RECURSION = YES;
				CLANG_WARN_INT_CONVERSION = YES;
				CLANG_WARN_NON_LITERAL_NULL_CONVERSION = YES;
				CLANG_WARN_OBJC_IMPLICIT_RETAIN_SELF = YES;
				CLANG_WARN_OBJC_LITERAL_CONVERSION = YES;
				CLANG_WARN_OBJC_ROOT_CLASS = YES_ERROR;
				CLANG_WARN_QUOTED_INCLUDE_IN_FRAMEWORK_HEADER = YES;
				CLANG_WARN_RANGE_LOOP_ANALYSIS = YES;
				CLANG_WARN_STRICT_PROTOTYPES = YES;
				CLANG_WARN_SUSPICIOUS_MOVE = YES;
				CLANG_WARN_UNGUARDED_AVAILABILITY = YES_AGGRESSIVE;
				CLANG_WARN_UNREACHABLE_CODE = YES;
				CLANG_WARN__DUPLICATE_METHOD_MATCH = YES;
				COPY_PHASE_STRIP = NO;
				DEBUG_INFORMATION_FORMAT = "dwarf-with-dsym";
				ENABLE_NS_ASSERTIONS = NO;
				ENABLE_STRICT_OBJC_MSGSEND = YES;
				GCC_C_LANGUAGE_STANDARD = gnu11;
				GCC_NO_COMMON_BLOCKS = YES;
				GCC_WARN_64_TO_32_BIT_CONVERSION = YES;
				GCC_WARN_ABOUT_RETURN_TYPE = YES_ERROR;
				GCC_WARN_UNDECLARED_SELECTOR = YES;
				GCC_WARN_UNINITIALIZED_AUTOS = YES_AGGRESSIVE;
				GCC_WARN_UNUSED_FUNCTION = YES;
				GCC_WARN_UNUSED_VARIABLE = YES;
				IPHONEOS_DEPLOYMENT_TARGET = 15.4;
				MTL_ENABLE_DEBUG_INFO = NO;
				MTL_FAST_MATH = YES;
				SDKROOT = iphoneos;
				SWIFT_COMPILATION_MODE = wholemodule;
				SWIFT_OPTIMIZATION_LEVEL = "-O";
				VALIDATE_PRODUCT = YES;
			};
			name = Release;
		};
		4C279A3C27ECD8870034E607 /* Debug */ = {
			isa = XCBuildConfiguration;
			baseConfigurationReference = FA1439CDF68BC6D03020C69F /* Pods-test-bcp.debug.xcconfig */;
			buildSettings = {
				ASSETCATALOG_COMPILER_APPICON_NAME = AppIcon;
				ASSETCATALOG_COMPILER_GLOBAL_ACCENT_COLOR_NAME = AccentColor;
				CODE_SIGN_STYLE = Automatic;
				CURRENT_PROJECT_VERSION = 1;
				DEVELOPMENT_TEAM = JGHBCD3B3C;
				GENERATE_INFOPLIST_FILE = YES;
				INFOPLIST_FILE = "test-bcp/Info.plist";
				INFOPLIST_KEY_UIApplicationSupportsIndirectInputEvents = YES;
				INFOPLIST_KEY_UILaunchStoryboardName = LaunchScreen;
				INFOPLIST_KEY_UIMainStoryboardFile = Main;
				INFOPLIST_KEY_UISupportedInterfaceOrientations_iPad = "UIInterfaceOrientationPortrait UIInterfaceOrientationPortraitUpsideDown UIInterfaceOrientationLandscapeLeft UIInterfaceOrientationLandscapeRight";
				INFOPLIST_KEY_UISupportedInterfaceOrientations_iPhone = "UIInterfaceOrientationPortrait UIInterfaceOrientationLandscapeLeft UIInterfaceOrientationLandscapeRight";
				LD_RUNPATH_SEARCH_PATHS = (
					"$(inherited)",
					"@executable_path/Frameworks",
				);
				MARKETING_VERSION = 1.0;
				PRODUCT_BUNDLE_IDENTIFIER = "com.miguel.otero.test-bcp";
				PRODUCT_NAME = "$(TARGET_NAME)";
				SWIFT_EMIT_LOC_STRINGS = YES;
				SWIFT_VERSION = 5.0;
				TARGETED_DEVICE_FAMILY = "1,2";
			};
			name = Debug;
		};
		4C279A3D27ECD8870034E607 /* Release */ = {
			isa = XCBuildConfiguration;
			baseConfigurationReference = F1C89940D2CDF69FBAD61ADD /* Pods-test-bcp.release.xcconfig */;
			buildSettings = {
				ASSETCATALOG_COMPILER_APPICON_NAME = AppIcon;
				ASSETCATALOG_COMPILER_GLOBAL_ACCENT_COLOR_NAME = AccentColor;
				CODE_SIGN_STYLE = Automatic;
				CURRENT_PROJECT_VERSION = 1;
				DEVELOPMENT_TEAM = JGHBCD3B3C;
				GENERATE_INFOPLIST_FILE = YES;
				INFOPLIST_FILE = "test-bcp/Info.plist";
				INFOPLIST_KEY_UIApplicationSupportsIndirectInputEvents = YES;
				INFOPLIST_KEY_UILaunchStoryboardName = LaunchScreen;
				INFOPLIST_KEY_UIMainStoryboardFile = Main;
				INFOPLIST_KEY_UISupportedInterfaceOrientations_iPad = "UIInterfaceOrientationPortrait UIInterfaceOrientationPortraitUpsideDown UIInterfaceOrientationLandscapeLeft UIInterfaceOrientationLandscapeRight";
				INFOPLIST_KEY_UISupportedInterfaceOrientations_iPhone = "UIInterfaceOrientationPortrait UIInterfaceOrientationLandscapeLeft UIInterfaceOrientationLandscapeRight";
				LD_RUNPATH_SEARCH_PATHS = (
					"$(inherited)",
					"@executable_path/Frameworks",
				);
				MARKETING_VERSION = 1.0;
				PRODUCT_BUNDLE_IDENTIFIER = "com.miguel.otero.test-bcp";
				PRODUCT_NAME = "$(TARGET_NAME)";
				SWIFT_EMIT_LOC_STRINGS = YES;
				SWIFT_VERSION = 5.0;
				TARGETED_DEVICE_FAMILY = "1,2";
			};
			name = Release;
		};
		4C279A3F27ECD8870034E607 /* Debug */ = {
			isa = XCBuildConfiguration;
			baseConfigurationReference = 105E59E3355863983496E5C1 /* Pods-test-bcpTests.debug.xcconfig */;
			buildSettings = {
				ALWAYS_EMBED_SWIFT_STANDARD_LIBRARIES = YES;
				BUNDLE_LOADER = "$(TEST_HOST)";
				CODE_SIGN_STYLE = Automatic;
				CURRENT_PROJECT_VERSION = 1;
				DEVELOPMENT_TEAM = JGHBCD3B3C;
				GENERATE_INFOPLIST_FILE = YES;
				IPHONEOS_DEPLOYMENT_TARGET = 15.4;
				MARKETING_VERSION = 1.0;
				PRODUCT_BUNDLE_IDENTIFIER = "com.miguel.otero.test-bcpTests";
				PRODUCT_NAME = "$(TARGET_NAME)";
				SWIFT_EMIT_LOC_STRINGS = NO;
				SWIFT_VERSION = 5.0;
				TARGETED_DEVICE_FAMILY = "1,2";
				TEST_HOST = "$(BUILT_PRODUCTS_DIR)/test-bcp.app/test-bcp";
			};
			name = Debug;
		};
		4C279A4027ECD8870034E607 /* Release */ = {
			isa = XCBuildConfiguration;
			baseConfigurationReference = 8C0B3977EC88EAAF8F91EA54 /* Pods-test-bcpTests.release.xcconfig */;
			buildSettings = {
				ALWAYS_EMBED_SWIFT_STANDARD_LIBRARIES = YES;
				BUNDLE_LOADER = "$(TEST_HOST)";
				CODE_SIGN_STYLE = Automatic;
				CURRENT_PROJECT_VERSION = 1;
				DEVELOPMENT_TEAM = JGHBCD3B3C;
				GENERATE_INFOPLIST_FILE = YES;
				IPHONEOS_DEPLOYMENT_TARGET = 15.4;
				MARKETING_VERSION = 1.0;
				PRODUCT_BUNDLE_IDENTIFIER = "com.miguel.otero.test-bcpTests";
				PRODUCT_NAME = "$(TARGET_NAME)";
				SWIFT_EMIT_LOC_STRINGS = NO;
				SWIFT_VERSION = 5.0;
				TARGETED_DEVICE_FAMILY = "1,2";
				TEST_HOST = "$(BUILT_PRODUCTS_DIR)/test-bcp.app/test-bcp";
			};
			name = Release;
		};
		4C279A4227ECD8870034E607 /* Debug */ = {
			isa = XCBuildConfiguration;
			baseConfigurationReference = AD47080DD4FE20289ACEEDD1 /* Pods-test-bcp-test-bcpUITests.debug.xcconfig */;
			buildSettings = {
				ALWAYS_EMBED_SWIFT_STANDARD_LIBRARIES = YES;
				CODE_SIGN_STYLE = Automatic;
				CURRENT_PROJECT_VERSION = 1;
				DEVELOPMENT_TEAM = JGHBCD3B3C;
				GENERATE_INFOPLIST_FILE = YES;
				MARKETING_VERSION = 1.0;
				PRODUCT_BUNDLE_IDENTIFIER = "com.miguel.otero.test-bcpUITests";
				PRODUCT_NAME = "$(TARGET_NAME)";
				SWIFT_EMIT_LOC_STRINGS = NO;
				SWIFT_VERSION = 5.0;
				TARGETED_DEVICE_FAMILY = "1,2";
				TEST_TARGET_NAME = "test-bcp";
			};
			name = Debug;
		};
		4C279A4327ECD8870034E607 /* Release */ = {
			isa = XCBuildConfiguration;
			baseConfigurationReference = 009B035D6633077B7979150B /* Pods-test-bcp-test-bcpUITests.release.xcconfig */;
			buildSettings = {
				ALWAYS_EMBED_SWIFT_STANDARD_LIBRARIES = YES;
				CODE_SIGN_STYLE = Automatic;
				CURRENT_PROJECT_VERSION = 1;
				DEVELOPMENT_TEAM = JGHBCD3B3C;
				GENERATE_INFOPLIST_FILE = YES;
				MARKETING_VERSION = 1.0;
				PRODUCT_BUNDLE_IDENTIFIER = "com.miguel.otero.test-bcpUITests";
				PRODUCT_NAME = "$(TARGET_NAME)";
				SWIFT_EMIT_LOC_STRINGS = NO;
				SWIFT_VERSION = 5.0;
				TARGETED_DEVICE_FAMILY = "1,2";
				TEST_TARGET_NAME = "test-bcp";
			};
			name = Release;
		};
/* End XCBuildConfiguration section */

/* Begin XCConfigurationList section */
		4C279A0C27ECD8850034E607 /* Build configuration list for PBXProject "test-bcp" */ = {
			isa = XCConfigurationList;
			buildConfigurations = (
				4C279A3927ECD8870034E607 /* Debug */,
				4C279A3A27ECD8870034E607 /* Release */,
			);
			defaultConfigurationIsVisible = 0;
			defaultConfigurationName = Release;
		};
		4C279A3B27ECD8870034E607 /* Build configuration list for PBXNativeTarget "test-bcp" */ = {
			isa = XCConfigurationList;
			buildConfigurations = (
				4C279A3C27ECD8870034E607 /* Debug */,
				4C279A3D27ECD8870034E607 /* Release */,
			);
			defaultConfigurationIsVisible = 0;
			defaultConfigurationName = Release;
		};
		4C279A3E27ECD8870034E607 /* Build configuration list for PBXNativeTarget "test-bcpTests" */ = {
			isa = XCConfigurationList;
			buildConfigurations = (
				4C279A3F27ECD8870034E607 /* Debug */,
				4C279A4027ECD8870034E607 /* Release */,
			);
			defaultConfigurationIsVisible = 0;
			defaultConfigurationName = Release;
		};
		4C279A4127ECD8870034E607 /* Build configuration list for PBXNativeTarget "test-bcpUITests" */ = {
			isa = XCConfigurationList;
			buildConfigurations = (
				4C279A4227ECD8870034E607 /* Debug */,
				4C279A4327ECD8870034E607 /* Release */,
			);
			defaultConfigurationIsVisible = 0;
			defaultConfigurationName = Release;
		};
/* End XCConfigurationList section */
	};
	rootObject = 4C279A0927ECD8850034E607 /* Project object */;
}
